{
  "name": "decidim-module-survey_results",
  "version": "1.0.0",
  "lockfileVersion": 2,
  "requires": true,
  "packages": {
    "": {
      "name": "decidim-module-survey_results",
      "version": "1.0.0",
      "license": "SEE LICENSE IN LICENSE-AGPLv3.txt",
      "dependencies": {
        "@hotwired/stimulus": "^3.0.1",
        "@hotwired/turbo-rails": "^7.1.1"
      }
    }
  }
}
